{
  "version": 4,
  "terraform_version": "1.2.4",
  "serial": 78,
  "lineage": "41e4fd60-8536-a3c4-3edf-4c4cba967316",
  "outputs": {},
  "resources": [
    {
      "mode": "managed",
      "type": "google_compute_firewall",
      "name": "allow_ssh",
      "provider": "provider[\"registry.terraform.io/hashicorp/google\"]",
      "instances": [
        {
          "schema_version": 1,
          "attributes": {
            "allow": [
              {
                "ports": [
                  "22"
                ],
                "protocol": "tcp"
              }
            ],
            "creation_timestamp": "2022-08-01T19:29:54.324-07:00",
            "deny": [],
            "description": "",
            "destination_ranges": [],
            "direction": "INGRESS",
            "disabled": false,
            "enable_logging": null,
            "id": "projects/abdelsalam-billing-account/global/firewalls/allow-ssh",
            "log_config": [],
            "name": "allow-ssh",
            "network": "https://www.googleapis.com/compute/v1/projects/abdelsalam-billing-account/global/networks/vpc-network",
            "priority": 1000,
            "project": "abdelsalam-billing-account",
            "self_link": "https://www.googleapis.com/compute/v1/projects/abdelsalam-billing-account/global/firewalls/allow-ssh",
            "source_ranges": [
              "35.235.240.0/20"
            ],
            "source_service_accounts": null,
            "source_tags": null,
            "target_service_accounts": null,
            "target_tags": null,
            "timeouts": null
          },
          "sensitive_attributes": [],
          "private": "eyJlMmJmYjczMC1lY2FhLTExZTYtOGY4OC0zNDM2M2JjN2M0YzAiOnsiY3JlYXRlIjoxMjAwMDAwMDAwMDAwLCJkZWxldGUiOjEyMDAwMDAwMDAwMDAsInVwZGF0ZSI6MTIwMDAwMDAwMDAwMH0sInNjaGVtYV92ZXJzaW9uIjoiMSJ9",
          "dependencies": [
            "module.network.google_compute_network.vpc_network",
            "module.network.google_compute_router.my_router",
            "module.network.google_compute_router_nat.my_nat",
            "module.network.google_compute_subnetwork.management_subnet",
            "module.network.google_compute_subnetwork.restricted_subnet"
          ]
        }
      ]
    },
    {
      "mode": "managed",
      "type": "google_compute_instance",
      "name": "private_vm",
      "provider": "provider[\"registry.terraform.io/hashicorp/google\"]",
      "instances": [
        {
          "schema_version": 6,
          "attributes": {
            "advanced_machine_features": [],
            "allow_stopping_for_update": true,
            "attached_disk": [],
            "boot_disk": [
              {
                "auto_delete": true,
                "device_name": "persistent-disk-0",
                "disk_encryption_key_raw": "",
                "disk_encryption_key_sha256": "",
                "initialize_params": [
                  {
                    "image": "https://www.googleapis.com/compute/v1/projects/centos-cloud/global/images/centos-7-v20220719",
                    "labels": {},
                    "size": 20,
                    "type": "pd-standard"
                  }
                ],
                "kms_key_self_link": "",
                "mode": "READ_WRITE",
                "source": "https://www.googleapis.com/compute/v1/projects/abdelsalam-billing-account/zones/europe-west1-b/disks/private-vm"
              }
            ],
            "can_ip_forward": false,
            "confidential_instance_config": [],
            "cpu_platform": "Intel Broadwell",
            "current_status": "RUNNING",
            "deletion_protection": false,
            "description": "",
            "desired_status": null,
            "enable_display": false,
            "guest_accelerator": [],
            "hostname": "",
            "id": "projects/abdelsalam-billing-account/zones/europe-west1-b/instances/private-vm",
            "instance_id": "5515659174333460531",
            "label_fingerprint": "42WmSpB8rSM=",
            "labels": null,
            "machine_type": "e2-micro",
            "metadata": null,
            "metadata_fingerprint": "QI2p26bf4HU=",
            "metadata_startup_script": null,
            "min_cpu_platform": "",
            "name": "private-vm",
            "network_interface": [
              {
                "access_config": [],
                "alias_ip_range": [],
                "ipv6_access_config": [],
                "ipv6_access_type": "",
                "name": "nic0",
                "network": "https://www.googleapis.com/compute/v1/projects/abdelsalam-billing-account/global/networks/vpc-network",
                "network_ip": "10.0.0.2",
                "nic_type": "",
                "queue_count": 0,
                "stack_type": "IPV4_ONLY",
                "subnetwork": "https://www.googleapis.com/compute/v1/projects/abdelsalam-billing-account/regions/europe-west1/subnetworks/management-subnet",
                "subnetwork_project": "abdelsalam-billing-account"
              }
            ],
            "project": "abdelsalam-billing-account",
            "reservation_affinity": [],
            "resource_policies": null,
            "scheduling": [
              {
                "automatic_restart": true,
                "instance_termination_action": "",
                "min_node_cpus": 0,
                "node_affinities": [],
                "on_host_maintenance": "MIGRATE",
                "preemptible": false,
                "provisioning_model": "STANDARD"
              }
            ],
            "scratch_disk": [],
            "self_link": "https://www.googleapis.com/compute/v1/projects/abdelsalam-billing-account/zones/europe-west1-b/instances/private-vm",
            "service_account": [
              {
                "email": "vm-service-account@abdelsalam-billing-account.iam.gserviceaccount.com",
                "scopes": [
                  "https://www.googleapis.com/auth/cloud-platform"
                ]
              }
            ],
            "shielded_instance_config": [
              {
                "enable_integrity_monitoring": true,
                "enable_secure_boot": false,
                "enable_vtpm": true
              }
            ],
            "tags": null,
            "tags_fingerprint": "42WmSpB8rSM=",
            "timeouts": null,
            "zone": "europe-west1-b"
          },
          "sensitive_attributes": [],
          "private": "eyJlMmJmYjczMC1lY2FhLTExZTYtOGY4OC0zNDM2M2JjN2M0YzAiOnsiY3JlYXRlIjoxMjAwMDAwMDAwMDAwLCJkZWxldGUiOjEyMDAwMDAwMDAwMDAsInVwZGF0ZSI6MTIwMDAwMDAwMDAwMH0sInNjaGVtYV92ZXJzaW9uIjoiNiJ9",
          "dependencies": [
            "google_container_cluster.private_gke_cluster",
            "google_container_node_pool.nodepool",
            "google_service_account.gke_service_account",
            "google_service_account.vm_service_account",
            "module.network.google_compute_network.vpc_network",
            "module.network.google_compute_router.my_router",
            "module.network.google_compute_router_nat.my_nat",
            "module.network.google_compute_subnetwork.management_subnet",
            "module.network.google_compute_subnetwork.restricted_subnet"
          ]
        }
      ]
    },
    {
      "mode": "managed",
      "type": "google_container_cluster",
      "name": "private_gke_cluster",
      "provider": "provider[\"registry.terraform.io/hashicorp/google\"]",
      "instances": [
        {
          "schema_version": 1,
          "attributes": {
            "addons_config": [
              {
                "cloudrun_config": [],
                "dns_cache_config": [],
                "gce_persistent_disk_csi_driver_config": [
                  {
                    "enabled": true
                  }
                ],
                "gcp_filestore_csi_driver_config": [],
                "horizontal_pod_autoscaling": [],
                "http_load_balancing": [],
                "network_policy_config": [
                  {
                    "disabled": true
                  }
                ]
              }
            ],
            "authenticator_groups_config": [],
            "binary_authorization": [
              {
                "enabled": false,
                "evaluation_mode": ""
              }
            ],
            "cluster_autoscaling": [
              {
                "auto_provisioning_defaults": [],
                "enabled": false,
                "resource_limits": []
              }
            ],
            "cluster_ipv4_cidr": "10.240.0.0/14",
            "confidential_nodes": [],
            "database_encryption": [
              {
                "key_name": "",
                "state": "DECRYPTED"
              }
            ],
            "datapath_provider": "",
            "default_max_pods_per_node": 110,
            "default_snat_status": [
              {
                "disabled": false
              }
            ],
            "description": "",
            "dns_config": [],
            "enable_autopilot": false,
            "enable_binary_authorization": false,
            "enable_intranode_visibility": false,
            "enable_kubernetes_alpha": false,
            "enable_legacy_abac": false,
            "enable_shielded_nodes": true,
            "enable_tpu": false,
            "endpoint": "172.16.0.2",
            "id": "projects/abdelsalam-billing-account/locations/europe-west1-b/clusters/private-gke-cluster",
            "initial_node_count": 1,
            "ip_allocation_policy": [
              {
                "cluster_ipv4_cidr_block": "10.240.0.0/14",
                "cluster_secondary_range_name": "gke-private-gke-cluster-pods-eacede94",
                "services_ipv4_cidr_block": "10.244.0.0/20",
                "services_secondary_range_name": "gke-private-gke-cluster-services-eacede94"
              }
            ],
            "label_fingerprint": "a9dc16a7",
            "location": "europe-west1-b",
            "logging_config": [
              {
                "enable_components": [
                  "SYSTEM_COMPONENTS",
                  "WORKLOADS"
                ]
              }
            ],
            "logging_service": "logging.googleapis.com/kubernetes",
            "maintenance_policy": [],
            "master_auth": [
              {
                "client_certificate": "",
                "client_certificate_config": [
                  {
                    "issue_client_certificate": false
                  }
                ],
                "client_key": "",
                "cluster_ca_certificate": "LS0tLS1CRUdJTiBDRVJUSUZJQ0FURS0tLS0tCk1JSUVMVENDQXBXZ0F3SUJBZ0lSQU82SG95MFNDeDVMcVliVGMwcStZUTR3RFFZSktvWklodmNOQVFFTEJRQXcKTHpFdE1Dc0dBMVVFQXhNa09XRmtaRGs1TVRrdE9ESXpZUzAwTVRjM0xUazRNR010T0RWak1EWmlOamd3TUdFegpNQ0FYRFRJeU1EZ3dNakF4TWprMU5Gb1lEekl3TlRJd056STFNREl5T1RVMFdqQXZNUzB3S3dZRFZRUURFeVE1CllXUmtPVGt4T1MwNE1qTmhMVFF4TnpjdE9UZ3dZeTA0TldNd05tSTJPREF3WVRNd2dnR2lNQTBHQ1NxR1NJYjMKRFFFQkFRVUFBNElCandBd2dnR0tBb0lCZ1FEU2d3NXUwYWxBVWU2djl1YzZOUDdZaTQzYUlOVHBUTkt1YURubgp3clNlNy8zSUJzNy81Z0RHU01rdTNYOG5SbjhUMG5YTGExSDhMYk51SE01WWMrZzAvSlVKdGt5SDNEaHAyOEFuCjBqR1J4a3lzbHFTekpIL2FoYnQwSTV5Wk40TzNNWW5OZ0czOXU4TUM0TTRScHg5a3Ywb1BuRGREcTRxSFUwd3cKUnV2bFRBaWxPNWdxR0ZHbFVqUXBYMk5GcmxTZWNGTDU0L2U2R3o1Tkg0UVVyL2U2Uzd6SEdodThpK2d4ckxNUwpwVmt6VEVGSkFmOTl2ZHYzbmVCTWM2dHBGS1h2cFYxVXptVW0wUG9mMXVYSk0zRVpIV2VoWFlqTzdRMnBSc0h1Cmo5WVgrNnZYYmlJay94VnJaZmZ5LzBOMGJQMzQ0T2dWYjhDMlNYWWx6YS9sTWllQnBmWHlJM0lpQjNhQjVkSXoKcUEwaTJMRVVaUVV5WHZDRDV2bTZLK2thMkFiV1lHUVp5d2wrZTJlalU1a3V1c3ZhNHdobUhDNEgxL3J2c0gxZAppZG1UVUtyT1ZNNTFEdWc3aWNZL2FHRWphSFYzdUdUbUdaSGJDR1pyb3krOEFibWJCbjBJWXlJNDlLb1pCZEV5CnBDTUpJc3dITWsxNVZQVmpPdTAwblJWUkQ4c0NBd0VBQWFOQ01FQXdEZ1lEVlIwUEFRSC9CQVFEQWdJRU1BOEcKQTFVZEV3RUIvd1FGTUFNQkFmOHdIUVlEVlIwT0JCWUVGSmtZS2Q5VWdGK0NnMjJ6eUN6V3daRnI3QytlTUEwRwpDU3FHU0liM0RRRUJDd1VBQTRJQmdRQjh1a2wycGpxTTh2bTloWUp6Zm92YXF4TmhEalMxUUd5cXhWaGRuVEcwCisxaGw5SkhJTmpxb2J3SGVSQzEzMHJ6ZlpYUE8vVXNCdFAzVHdSOCtpRzREeUViam9ac1Z6SWJRRzhXQ0loRlgKSmlack9lVUlCZC84b2JWWmMya1RrZFRFazVCR3lTdHNBM0xMR1cvL2pHSEtFejFuYUNzMEZXdHphTHZSOUpFWApUc05YSTJxazBhRXBmc0UxN2dUbVJnNTVOYXI3V1VvWWM3UjJtTUxEK01KdEpwVjlmSk92K3VlZ1hSMGxPaHgyCmxzNUQxTGJRYW5MYzNkUkhjcWNlOUpsa2FzTzhXaGNiVG83RjFUODlTVC9kQXAxOGpNaWxjWWNueCt6MjNzT00KeFUvTUdpdVV6UkwxbFIwU215aEJIcU9QQ2QyWmhjSjhCaUNySi9icThwRGZlTXU0bHN5RW9ydFFGWTFPbHFnRQpsRi9UK2RXdVJnenRSNjhXV2YrQWsva0VBcjllSzNMZEhTN3B5S3dwclo4Mm5qUHJvc3VWRkdnU3RuQS9ITEU5CitqbUpPOXdNS2pZNXpDUk1LbHdqbnVicWVVNDA1aktEL3JFYUtpZ05VRlVtNzB0azVGaXRjMXd1UVRtdzJ4TTQKRVl1aE03VTdPb3NWaGR1aWRQMTYveTA9Ci0tLS0tRU5EIENFUlRJRklDQVRFLS0tLS0K"
              }
            ],
            "master_authorized_networks_config": [
              {
                "cidr_blocks": [
                  {
                    "cidr_block": "10.0.0.0/24",
                    "display_name": "managesub_cidr_range"
                  }
                ]
              }
            ],
            "master_version": "1.22.10-gke.600",
            "min_master_version": null,
            "monitoring_config": [
              {
                "enable_components": [
                  "SYSTEM_COMPONENTS"
                ]
              }
            ],
            "monitoring_service": "monitoring.googleapis.com/kubernetes",
            "name": "private-gke-cluster",
            "network": "projects/abdelsalam-billing-account/global/networks/vpc-network",
            "network_policy": [
              {
                "enabled": false,
                "provider": "PROVIDER_UNSPECIFIED"
              }
            ],
            "networking_mode": "VPC_NATIVE",
            "node_config": [],
            "node_locations": [
              "europe-west1-c"
            ],
            "node_pool": [],
            "node_version": "1.22.10-gke.600",
            "notification_config": [
              {
                "pubsub": [
                  {
                    "enabled": false,
                    "topic": ""
                  }
                ]
              }
            ],
            "operation": null,
            "private_cluster_config": [
              {
                "enable_private_endpoint": true,
                "enable_private_nodes": true,
                "master_global_access_config": [
                  {
                    "enabled": false
                  }
                ],
                "master_ipv4_cidr_block": "172.16.0.0/28",
                "peering_name": "gke-nc5bf0c78173f4f330b2-9d81-7d77-peer",
                "private_endpoint": "172.16.0.2",
                "public_endpoint": "35.205.244.119"
              }
            ],
            "private_ipv6_google_access": "",
            "project": "abdelsalam-billing-account",
            "release_channel": [
              {
                "channel": "REGULAR"
              }
            ],
            "remove_default_node_pool": true,
            "resource_labels": null,
            "resource_usage_export_config": [],
            "self_link": "https://container.googleapis.com/v1/projects/abdelsalam-billing-account/zones/europe-west1-b/clusters/private-gke-cluster",
            "services_ipv4_cidr": "10.244.0.0/20",
            "subnetwork": "projects/abdelsalam-billing-account/regions/europe-west1/subnetworks/restricted-subnet",
            "timeouts": null,
            "tpu_ipv4_cidr_block": "",
            "vertical_pod_autoscaling": [],
            "workload_identity_config": []
          },
          "sensitive_attributes": [],
          "private": "eyJlMmJmYjczMC1lY2FhLTExZTYtOGY4OC0zNDM2M2JjN2M0YzAiOnsiY3JlYXRlIjoyNDAwMDAwMDAwMDAwLCJkZWxldGUiOjI0MDAwMDAwMDAwMDAsInJlYWQiOjI0MDAwMDAwMDAwMDAsInVwZGF0ZSI6MzYwMDAwMDAwMDAwMH0sInNjaGVtYV92ZXJzaW9uIjoiMSJ9",
          "dependencies": [
            "module.network.google_compute_network.vpc_network",
            "module.network.google_compute_router.my_router",
            "module.network.google_compute_router_nat.my_nat",
            "module.network.google_compute_subnetwork.management_subnet",
            "module.network.google_compute_subnetwork.restricted_subnet"
          ]
        }
      ]
    },
    {
      "mode": "managed",
      "type": "google_container_node_pool",
      "name": "nodepool",
      "provider": "provider[\"registry.terraform.io/hashicorp/google\"]",
      "instances": [
        {
          "schema_version": 1,
          "attributes": {
            "autoscaling": [],
            "cluster": "projects/abdelsalam-billing-account/locations/europe-west1-b/clusters/private-gke-cluster",
            "id": "projects/abdelsalam-billing-account/locations/europe-west1-b/clusters/private-gke-cluster/nodePools/node-pool",
            "initial_node_count": 2,
            "instance_group_urls": [
              "https://www.googleapis.com/compute/v1/projects/abdelsalam-billing-account/zones/europe-west1-b/instanceGroupManagers/gke-private-gke-cluster-node-pool-3412602f-grp",
              "https://www.googleapis.com/compute/v1/projects/abdelsalam-billing-account/zones/europe-west1-c/instanceGroupManagers/gke-private-gke-cluster-node-pool-db21797c-grp"
            ],
            "location": "europe-west1-b",
            "managed_instance_group_urls": [
              "https://www.googleapis.com/compute/v1/projects/abdelsalam-billing-account/zones/europe-west1-b/instanceGroups/gke-private-gke-cluster-node-pool-3412602f-grp",
              "https://www.googleapis.com/compute/v1/projects/abdelsalam-billing-account/zones/europe-west1-c/instanceGroups/gke-private-gke-cluster-node-pool-db21797c-grp"
            ],
            "management": [
              {
                "auto_repair": true,
                "auto_upgrade": true
              }
            ],
            "max_pods_per_node": 110,
            "name": "node-pool",
            "name_prefix": "",
            "node_config": [
              {
                "boot_disk_kms_key": "",
                "disk_size_gb": 100,
                "disk_type": "pd-standard",
                "gcfs_config": [],
                "guest_accelerator": [],
                "gvnic": [],
                "image_type": "COS_CONTAINERD",
                "labels": {},
                "local_ssd_count": 0,
                "machine_type": "e2-micro",
                "metadata": {
                  "disable-legacy-endpoints": "true"
                },
                "min_cpu_platform": "",
                "node_group": "",
                "oauth_scopes": [
                  "https://www.googleapis.com/auth/cloud-platform"
                ],
                "preemptible": true,
                "service_account": "gke-service-account@abdelsalam-billing-account.iam.gserviceaccount.com",
                "shielded_instance_config": [
                  {
                    "enable_integrity_monitoring": true,
                    "enable_secure_boot": false
                  }
                ],
                "spot": false,
                "tags": null,
                "taint": [],
                "workload_metadata_config": []
              }
            ],
            "node_count": 2,
            "node_locations": [
              "europe-west1-b",
              "europe-west1-c"
            ],
            "operation": null,
            "project": "abdelsalam-billing-account",
            "timeouts": null,
            "upgrade_settings": [
              {
                "max_surge": 1,
                "max_unavailable": 0
              }
            ],
            "version": "1.22.10-gke.600"
          },
          "sensitive_attributes": [],
          "private": "eyJlMmJmYjczMC1lY2FhLTExZTYtOGY4OC0zNDM2M2JjN2M0YzAiOnsiY3JlYXRlIjoxODAwMDAwMDAwMDAwLCJkZWxldGUiOjE4MDAwMDAwMDAwMDAsInVwZGF0ZSI6MTgwMDAwMDAwMDAwMH0sInNjaGVtYV92ZXJzaW9uIjoiMSJ9",
          "dependencies": [
            "google_container_cluster.private_gke_cluster",
            "google_service_account.gke_service_account",
            "module.network.google_compute_network.vpc_network",
            "module.network.google_compute_router.my_router",
            "module.network.google_compute_router_nat.my_nat",
            "module.network.google_compute_subnetwork.management_subnet",
            "module.network.google_compute_subnetwork.restricted_subnet"
          ]
        }
      ]
    },
    {
      "mode": "managed",
      "type": "google_project_iam_binding",
      "name": "gke_role",
      "provider": "provider[\"registry.terraform.io/hashicorp/google\"]",
      "instances": [
        {
          "schema_version": 0,
          "attributes": {
            "condition": [],
            "etag": "BwXlOOCCOzw=",
            "id": "abdelsalam-billing-account/roles/storage.admin",
            "members": [
              "serviceAccount:gke-service-account@abdelsalam-billing-account.iam.gserviceaccount.com"
            ],
            "project": "abdelsalam-billing-account",
            "role": "roles/storage.admin"
          },
          "sensitive_attributes": [],
          "private": "bnVsbA==",
          "dependencies": [
            "google_service_account.gke_service_account"
          ]
        }
      ]
    },
    {
      "mode": "managed",
      "type": "google_project_iam_binding",
      "name": "vm_role",
      "provider": "provider[\"registry.terraform.io/hashicorp/google\"]",
      "instances": [
        {
          "schema_version": 0,
          "attributes": {
            "condition": [],
            "etag": "BwXlOOCCOzw=",
            "id": "abdelsalam-billing-account/roles/container.admin",
            "members": [
              "serviceAccount:vm-service-account@abdelsalam-billing-account.iam.gserviceaccount.com"
            ],
            "project": "abdelsalam-billing-account",
            "role": "roles/container.admin"
          },
          "sensitive_attributes": [],
          "private": "bnVsbA==",
          "dependencies": [
            "google_service_account.vm_service_account"
          ]
        }
      ]
    },
    {
      "mode": "managed",
      "type": "google_service_account",
      "name": "gke_service_account",
      "provider": "provider[\"registry.terraform.io/hashicorp/google\"]",
      "instances": [
        {
          "schema_version": 0,
          "attributes": {
            "account_id": "gke-service-account",
            "description": "",
            "disabled": false,
            "display_name": "",
            "email": "gke-service-account@abdelsalam-billing-account.iam.gserviceaccount.com",
            "id": "projects/abdelsalam-billing-account/serviceAccounts/gke-service-account@abdelsalam-billing-account.iam.gserviceaccount.com",
            "name": "projects/abdelsalam-billing-account/serviceAccounts/gke-service-account@abdelsalam-billing-account.iam.gserviceaccount.com",
            "project": "abdelsalam-billing-account",
            "timeouts": null,
            "unique_id": "109610847741715928954"
          },
          "sensitive_attributes": [],
          "private": "eyJlMmJmYjczMC1lY2FhLTExZTYtOGY4OC0zNDM2M2JjN2M0YzAiOnsiY3JlYXRlIjozMDAwMDAwMDAwMDB9fQ=="
        }
      ]
    },
    {
      "mode": "managed",
      "type": "google_service_account",
      "name": "vm_service_account",
      "provider": "provider[\"registry.terraform.io/hashicorp/google\"]",
      "instances": [
        {
          "schema_version": 0,
          "attributes": {
            "account_id": "vm-service-account",
            "description": "",
            "disabled": false,
            "display_name": "",
            "email": "vm-service-account@abdelsalam-billing-account.iam.gserviceaccount.com",
            "id": "projects/abdelsalam-billing-account/serviceAccounts/vm-service-account@abdelsalam-billing-account.iam.gserviceaccount.com",
            "name": "projects/abdelsalam-billing-account/serviceAccounts/vm-service-account@abdelsalam-billing-account.iam.gserviceaccount.com",
            "project": "abdelsalam-billing-account",
            "timeouts": null,
            "unique_id": "111215562055665360778"
          },
          "sensitive_attributes": [],
          "private": "eyJlMmJmYjczMC1lY2FhLTExZTYtOGY4OC0zNDM2M2JjN2M0YzAiOnsiY3JlYXRlIjozMDAwMDAwMDAwMDB9fQ=="
        }
      ]
    },
    {
      "module": "module.network",
      "mode": "managed",
      "type": "google_compute_network",
      "name": "vpc_network",
      "provider": "provider[\"registry.terraform.io/hashicorp/google\"]",
      "instances": [
        {
          "schema_version": 0,
          "attributes": {
            "auto_create_subnetworks": false,
            "delete_default_routes_on_create": false,
            "description": "",
            "enable_ula_internal_ipv6": false,
            "gateway_ipv4": "",
            "id": "projects/abdelsalam-billing-account/global/networks/vpc-network",
            "internal_ipv6_range": "",
            "mtu": 0,
            "name": "vpc-network",
            "project": "abdelsalam-billing-account",
            "routing_mode": "REGIONAL",
            "self_link": "https://www.googleapis.com/compute/v1/projects/abdelsalam-billing-account/global/networks/vpc-network",
            "timeouts": null
          },
          "sensitive_attributes": [],
          "private": "eyJlMmJmYjczMC1lY2FhLTExZTYtOGY4OC0zNDM2M2JjN2M0YzAiOnsiY3JlYXRlIjoxMjAwMDAwMDAwMDAwLCJkZWxldGUiOjEyMDAwMDAwMDAwMDAsInVwZGF0ZSI6MTIwMDAwMDAwMDAwMH19"
        }
      ]
    },
    {
      "module": "module.network",
      "mode": "managed",
      "type": "google_compute_router",
      "name": "my_router",
      "provider": "provider[\"registry.terraform.io/hashicorp/google\"]",
      "instances": [
        {
          "schema_version": 0,
          "attributes": {
            "bgp": [],
            "creation_timestamp": "2022-08-01T19:29:19.698-07:00",
            "description": "",
            "encrypted_interconnect_router": false,
            "id": "projects/abdelsalam-billing-account/regions/europe-west1/routers/my-router",
            "name": "my-router",
            "network": "https://www.googleapis.com/compute/v1/projects/abdelsalam-billing-account/global/networks/vpc-network",
            "project": "abdelsalam-billing-account",
            "region": "europe-west1",
            "self_link": "https://www.googleapis.com/compute/v1/projects/abdelsalam-billing-account/regions/europe-west1/routers/my-router",
            "timeouts": null
          },
          "sensitive_attributes": [],
          "private": "eyJlMmJmYjczMC1lY2FhLTExZTYtOGY4OC0zNDM2M2JjN2M0YzAiOnsiY3JlYXRlIjoxMjAwMDAwMDAwMDAwLCJkZWxldGUiOjEyMDAwMDAwMDAwMDAsInVwZGF0ZSI6MTIwMDAwMDAwMDAwMH19",
          "dependencies": [
            "module.network.google_compute_network.vpc_network",
            "module.network.google_compute_subnetwork.management_subnet"
          ]
        }
      ]
    },
    {
      "module": "module.network",
      "mode": "managed",
      "type": "google_compute_router_nat",
      "name": "my_nat",
      "provider": "provider[\"registry.terraform.io/hashicorp/google\"]",
      "instances": [
        {
          "schema_version": 0,
          "attributes": {
            "drain_nat_ips": null,
            "enable_dynamic_port_allocation": false,
            "enable_endpoint_independent_mapping": true,
            "icmp_idle_timeout_sec": 30,
            "id": "abdelsalam-billing-account/europe-west1/my-router/my-nat",
            "log_config": [],
            "max_ports_per_vm": 0,
            "min_ports_per_vm": 0,
            "name": "my-nat",
            "nat_ip_allocate_option": "AUTO_ONLY",
            "nat_ips": null,
            "project": "abdelsalam-billing-account",
            "region": "europe-west1",
            "router": "my-router",
            "source_subnetwork_ip_ranges_to_nat": "LIST_OF_SUBNETWORKS",
            "subnetwork": [
              {
                "name": "management-subnet",
                "secondary_ip_range_names": [],
                "source_ip_ranges_to_nat": [
                  "ALL_IP_RANGES"
                ]
              },
              {
                "name": "restricted-subnet",
                "secondary_ip_range_names": [],
                "source_ip_ranges_to_nat": [
                  "ALL_IP_RANGES"
                ]
              }
            ],
            "tcp_established_idle_timeout_sec": 1200,
            "tcp_transitory_idle_timeout_sec": 30,
            "timeouts": null,
            "udp_idle_timeout_sec": 30
          },
          "sensitive_attributes": [],
          "private": "eyJlMmJmYjczMC1lY2FhLTExZTYtOGY4OC0zNDM2M2JjN2M0YzAiOnsiY3JlYXRlIjoxMjAwMDAwMDAwMDAwLCJkZWxldGUiOjEyMDAwMDAwMDAwMDAsInVwZGF0ZSI6MTIwMDAwMDAwMDAwMH19",
          "dependencies": [
            "module.network.google_compute_network.vpc_network",
            "module.network.google_compute_router.my_router",
            "module.network.google_compute_subnetwork.management_subnet",
            "module.network.google_compute_subnetwork.restricted_subnet"
          ]
        }
      ]
    },
    {
      "module": "module.network",
      "mode": "managed",
      "type": "google_compute_subnetwork",
      "name": "management_subnet",
      "provider": "provider[\"registry.terraform.io/hashicorp/google\"]",
      "instances": [
        {
          "schema_version": 0,
          "attributes": {
            "creation_timestamp": "2022-08-01T19:28:57.723-07:00",
            "description": "",
            "external_ipv6_prefix": "",
            "fingerprint": null,
            "gateway_address": "10.0.0.1",
            "id": "projects/abdelsalam-billing-account/regions/europe-west1/subnetworks/management-subnet",
            "ip_cidr_range": "10.0.0.0/24",
            "ipv6_access_type": "",
            "ipv6_cidr_range": "",
            "log_config": [],
            "name": "management-subnet",
            "network": "https://www.googleapis.com/compute/v1/projects/abdelsalam-billing-account/global/networks/vpc-network",
            "private_ip_google_access": true,
            "private_ipv6_google_access": "DISABLE_GOOGLE_ACCESS",
            "project": "abdelsalam-billing-account",
            "purpose": "PRIVATE",
            "region": "europe-west1",
            "role": "",
            "secondary_ip_range": [],
            "self_link": "https://www.googleapis.com/compute/v1/projects/abdelsalam-billing-account/regions/europe-west1/subnetworks/management-subnet",
            "stack_type": "IPV4_ONLY",
            "timeouts": null
          },
          "sensitive_attributes": [],
          "private": "eyJlMmJmYjczMC1lY2FhLTExZTYtOGY4OC0zNDM2M2JjN2M0YzAiOnsiY3JlYXRlIjoxMjAwMDAwMDAwMDAwLCJkZWxldGUiOjEyMDAwMDAwMDAwMDAsInVwZGF0ZSI6MTIwMDAwMDAwMDAwMH19",
          "dependencies": [
            "module.network.google_compute_network.vpc_network"
          ]
        }
      ]
    },
    {
      "module": "module.network",
      "mode": "managed",
      "type": "google_compute_subnetwork",
      "name": "restricted_subnet",
      "provider": "provider[\"registry.terraform.io/hashicorp/google\"]",
      "instances": [
        {
          "schema_version": 0,
          "attributes": {
            "creation_timestamp": "2022-08-01T19:28:57.982-07:00",
            "description": "",
            "external_ipv6_prefix": "",
            "fingerprint": null,
            "gateway_address": "10.0.1.1",
            "id": "projects/abdelsalam-billing-account/regions/europe-west1/subnetworks/restricted-subnet",
            "ip_cidr_range": "10.0.1.0/24",
            "ipv6_access_type": "",
            "ipv6_cidr_range": "",
            "log_config": [],
            "name": "restricted-subnet",
            "network": "https://www.googleapis.com/compute/v1/projects/abdelsalam-billing-account/global/networks/vpc-network",
            "private_ip_google_access": true,
            "private_ipv6_google_access": "DISABLE_GOOGLE_ACCESS",
            "project": "abdelsalam-billing-account",
            "purpose": "PRIVATE",
            "region": "europe-west1",
            "role": "",
            "secondary_ip_range": [],
            "self_link": "https://www.googleapis.com/compute/v1/projects/abdelsalam-billing-account/regions/europe-west1/subnetworks/restricted-subnet",
            "stack_type": "IPV4_ONLY",
            "timeouts": null
          },
          "sensitive_attributes": [],
          "private": "eyJlMmJmYjczMC1lY2FhLTExZTYtOGY4OC0zNDM2M2JjN2M0YzAiOnsiY3JlYXRlIjoxMjAwMDAwMDAwMDAwLCJkZWxldGUiOjEyMDAwMDAwMDAwMDAsInVwZGF0ZSI6MTIwMDAwMDAwMDAwMH19",
          "dependencies": [
            "module.network.google_compute_network.vpc_network"
          ]
        }
      ]
    }
  ]
}
